
Microsoft Visual Studio Solution File, Format Version 12.00
# Visual Studio Version 17
VisualStudioVersion = 17.0.31903.59
MinimumVisualStudioVersion = 10.0.40219.1
Project("{2150E333-8FDC-42A3-9474-1A3956D46DE8}") = "src", "src", "{D995E3E3-3F5B-42CA-A365-BCBC02F63FBD}"
EndProject
Project("{2150E333-8FDC-42A3-9474-1A3956D46DE8}") = "API", "API", "{540E7683-1201-4377-A29B-3A1EED985DDE}"
EndProject
Project("{FAE04EC0-301F-11D3-BF4B-00C04F79EFBC}") = "WebApi", "src\API\MyProject.WebApi\WebApi.csproj", "{F1AC4011-C3D5-45BC-918D-FA21502975E2}"
EndProject
Project("{2150E333-8FDC-42A3-9474-1A3956D46DE8}") = "UI", "UI", "{73F83105-835E-4DC5-8057-732EABE234E1}"
EndProject
Project("{FAE04EC0-301F-11D3-BF4B-00C04F79EFBC}") = "WebApp", "src\UI\MyProject.WebApp\WebApp.csproj", "{D483728B-4E55-472B-A077-88FA491BA01C}"
EndProject
Project("{2150E333-8FDC-42A3-9474-1A3956D46DE8}") = "Core", "Core", "{4ABC3D5D-0376-425C-82E7-EC756927E451}"
EndProject
Project("{FAE04EC0-301F-11D3-BF4B-00C04F79EFBC}") = "MyProject.Domain", "src\Core\MyProject.Domain\MyProject.Domain.csproj", "{6A181607-70C0-4E03-A5AE-E71DF1C4517E}"
EndProject
Project("{FAE04EC0-301F-11D3-BF4B-00C04F79EFBC}") = "MyProject.Application", "src\Core\MyProject.Application\MyProject.Application.csproj", "{9CBBC46D-C641-4359-A97E-7A65FF195867}"
EndProject
Project("{2150E333-8FDC-42A3-9474-1A3956D46DE8}") = "External", "External", "{A9A23856-E191-40EB-847A-3347A5C878BB}"
EndProject
Project("{FAE04EC0-301F-11D3-BF4B-00C04F79EFBC}") = "MyProject.Persistence", "src\External\MyProject.Persistence\MyProject.Persistence.csproj", "{F52A02BC-5F2F-4BC7-8F5E-1E63B21AC93F}"
EndProject
Project("{2150E333-8FDC-42A3-9474-1A3956D46DE8}") = "test", "test", "{E5743013-FCAC-4D33-9F84-F5E76FDA14DE}"
EndProject
Project("{FAE04EC0-301F-11D3-BF4B-00C04F79EFBC}") = "MyProject.Tests.Unit", "test\MyProject.Tests.Unit\MyProject.Tests.Unit.csproj", "{FB80842C-9BC8-4E4B-8F6D-DD7EE64B39F2}"
EndProject
Global
	GlobalSection(SolutionConfigurationPlatforms) = preSolution
		Debug|Any CPU = Debug|Any CPU
		Release|Any CPU = Release|Any CPU
	EndGlobalSection
	GlobalSection(SolutionProperties) = preSolution
		HideSolutionNode = FALSE
	EndGlobalSection
	GlobalSection(ProjectConfigurationPlatforms) = postSolution
		{F1AC4011-C3D5-45BC-918D-FA21502975E2}.Debug|Any CPU.ActiveCfg = Debug|Any CPU
		{F1AC4011-C3D5-45BC-918D-FA21502975E2}.Debug|Any CPU.Build.0 = Debug|Any CPU
		{F1AC4011-C3D5-45BC-918D-FA21502975E2}.Release|Any CPU.ActiveCfg = Release|Any CPU
		{F1AC4011-C3D5-45BC-918D-FA21502975E2}.Release|Any CPU.Build.0 = Release|Any CPU
		{D483728B-4E55-472B-A077-88FA491BA01C}.Debug|Any CPU.ActiveCfg = Debug|Any CPU
		{D483728B-4E55-472B-A077-88FA491BA01C}.Debug|Any CPU.Build.0 = Debug|Any CPU
		{D483728B-4E55-472B-A077-88FA491BA01C}.Release|Any CPU.ActiveCfg = Release|Any CPU
		{D483728B-4E55-472B-A077-88FA491BA01C}.Release|Any CPU.Build.0 = Release|Any CPU
		{6A181607-70C0-4E03-A5AE-E71DF1C4517E}.Debug|Any CPU.ActiveCfg = Debug|Any CPU
		{6A181607-70C0-4E03-A5AE-E71DF1C4517E}.Debug|Any CPU.Build.0 = Debug|Any CPU
		{6A181607-70C0-4E03-A5AE-E71DF1C4517E}.Release|Any CPU.ActiveCfg = Release|Any CPU
		{6A181607-70C0-4E03-A5AE-E71DF1C4517E}.Release|Any CPU.Build.0 = Release|Any CPU
		{9CBBC46D-C641-4359-A97E-7A65FF195867}.Debug|Any CPU.ActiveCfg = Debug|Any CPU
		{9CBBC46D-C641-4359-A97E-7A65FF195867}.Debug|Any CPU.Build.0 = Debug|Any CPU
		{9CBBC46D-C641-4359-A97E-7A65FF195867}.Release|Any CPU.ActiveCfg = Release|Any CPU
		{9CBBC46D-C641-4359-A97E-7A65FF195867}.Release|Any CPU.Build.0 = Release|Any CPU
		{F52A02BC-5F2F-4BC7-8F5E-1E63B21AC93F}.Debug|Any CPU.ActiveCfg = Debug|Any CPU
		{F52A02BC-5F2F-4BC7-8F5E-1E63B21AC93F}.Debug|Any CPU.Build.0 = Debug|Any CPU
		{F52A02BC-5F2F-4BC7-8F5E-1E63B21AC93F}.Release|Any CPU.ActiveCfg = Release|Any CPU
		{F52A02BC-5F2F-4BC7-8F5E-1E63B21AC93F}.Release|Any CPU.Build.0 = Release|Any CPU
		{FB80842C-9BC8-4E4B-8F6D-DD7EE64B39F2}.Debug|Any CPU.ActiveCfg = Debug|Any CPU
		{FB80842C-9BC8-4E4B-8F6D-DD7EE64B39F2}.Debug|Any CPU.Build.0 = Debug|Any CPU
		{FB80842C-9BC8-4E4B-8F6D-DD7EE64B39F2}.Release|Any CPU.ActiveCfg = Release|Any CPU
		{FB80842C-9BC8-4E4B-8F6D-DD7EE64B39F2}.Release|Any CPU.Build.0 = Release|Any CPU
	EndGlobalSection
	GlobalSection(NestedProjects) = preSolution
		{540E7683-1201-4377-A29B-3A1EED985DDE} = {D995E3E3-3F5B-42CA-A365-BCBC02F63FBD}
		{F1AC4011-C3D5-45BC-918D-FA21502975E2} = {540E7683-1201-4377-A29B-3A1EED985DDE}
		{73F83105-835E-4DC5-8057-732EABE234E1} = {D995E3E3-3F5B-42CA-A365-BCBC02F63FBD}
		{D483728B-4E55-472B-A077-88FA491BA01C} = {73F83105-835E-4DC5-8057-732EABE234E1}
		{4ABC3D5D-0376-425C-82E7-EC756927E451} = {D995E3E3-3F5B-42CA-A365-BCBC02F63FBD}
		{6A181607-70C0-4E03-A5AE-E71DF1C4517E} = {4ABC3D5D-0376-425C-82E7-EC756927E451}
		{9CBBC46D-C641-4359-A97E-7A65FF195867} = {4ABC3D5D-0376-425C-82E7-EC756927E451}
		{A9A23856-E191-40EB-847A-3347A5C878BB} = {D995E3E3-3F5B-42CA-A365-BCBC02F63FBD}
		{F52A02BC-5F2F-4BC7-8F5E-1E63B21AC93F} = {A9A23856-E191-40EB-847A-3347A5C878BB}
		{FB80842C-9BC8-4E4B-8F6D-DD7EE64B39F2} = {E5743013-FCAC-4D33-9F84-F5E76FDA14DE}
	EndGlobalSection
EndGlobal
